{
  "version": 4,
  "terraform_version": "1.6.3",
  "serial": 69,
  "lineage": "94f56900-51e5-d185-5d48-da0c97bf6407",
  "outputs": {
    "invoke_url": {
      "value": "https://ocs7ny9375.execute-api.ap-southeast-1.amazonaws.com/dev",
      "type": "string"
    }
  },
  "resources": [
    {
      "mode": "data",
      "type": "archive_file",
      "name": "python_lambda_package",
      "provider": "provider[\"registry.terraform.io/hashicorp/archive\"]",
      "instances": [
        {
          "schema_version": 0,
          "attributes": {
            "exclude_symlink_directories": null,
            "excludes": null,
            "id": "6feef4dd87ba941d9aa1f9d979ca0de14e9982c2",
            "output_base64sha256": "ze3L8sO+y8nrBDCKYY0ZqVaLgSSP7uUELJ//iaA4VcE=",
            "output_base64sha512": "lqJ9Gmc1YqslyAaXChdgtSXYVOIFGAp7CLiXi3Dkm2iMMdc+NtnMq/khr6A3L2n+JXn5KmpW7Et1AqaM0wJxug==",
            "output_file_mode": null,
            "output_md5": "8dac4699d44988bc6f92c8a4f2399652",
            "output_path": "lambda.zip",
            "output_sha": "6feef4dd87ba941d9aa1f9d979ca0de14e9982c2",
            "output_sha256": "cdedcbf2c3becbc9eb04308a618d19a9568b81248feee5042c9fff89a03855c1",
            "output_sha512": "96a27d1a673562ab25c806970a1760b525d854e205180a7b08b8978b70e49b688c31d73e36d9ccabf921afa0372f69fe2579f92a6a56ec4b7502a68cd30271ba",
            "output_size": 271,
            "source": [],
            "source_content": null,
            "source_content_filename": null,
            "source_dir": null,
            "source_file": "./lambda_function.py",
            "type": "zip"
          },
          "sensitive_attributes": []
        }
      ]
    },
    {
      "mode": "data",
      "type": "aws_iam_policy_document",
      "name": "lambda_assume_role_policy",
      "provider": "provider[\"registry.terraform.io/hashicorp/aws\"]",
      "instances": [
        {
          "schema_version": 0,
          "attributes": {
            "id": "2690255455",
            "json": "{\n  \"Version\": \"2012-10-17\",\n  \"Statement\": [\n    {\n      \"Effect\": \"Allow\",\n      \"Action\": \"sts:AssumeRole\",\n      \"Principal\": {\n        \"Service\": \"lambda.amazonaws.com\"\n      }\n    }\n  ]\n}",
            "override_policy_documents": null,
            "policy_id": null,
            "source_policy_documents": null,
            "statement": [
              {
                "actions": [
                  "sts:AssumeRole"
                ],
                "condition": [],
                "effect": "Allow",
                "not_actions": [],
                "not_principals": [],
                "not_resources": [],
                "principals": [
                  {
                    "identifiers": [
                      "lambda.amazonaws.com"
                    ],
                    "type": "Service"
                  }
                ],
                "resources": [],
                "sid": ""
              }
            ],
            "version": "2012-10-17"
          },
          "sensitive_attributes": []
        }
      ]
    },
    {
      "mode": "managed",
      "type": "aws_api_gateway_api_key",
      "name": "zhangqin_api_key_terraform",
      "provider": "provider[\"registry.terraform.io/hashicorp/aws\"]",
      "instances": [
        {
          "schema_version": 0,
          "attributes": {
            "arn": "arn:aws:apigateway:ap-southeast-1::/apikeys/gt1lqwwc2l",
            "created_date": "2024-01-27T04:53:33Z",
            "description": "Managed by Terraform",
            "enabled": true,
            "id": "gt1lqwwc2l",
            "last_updated_date": "2024-01-27T04:53:33Z",
            "name": "zhangqin_api_key_terraform",
            "tags": {},
            "tags_all": {},
            "value": "Dny2grrl1r2jnXPHaIjQv4ZRyUPlq6YU6pqoiRp1"
          },
          "sensitive_attributes": [],
          "private": "bnVsbA=="
        }
      ]
    },
    {
      "mode": "managed",
      "type": "aws_api_gateway_deployment",
      "name": "example",
      "provider": "provider[\"registry.terraform.io/hashicorp/aws\"]",
      "instances": [
        {
          "schema_version": 0,
          "attributes": {
            "created_date": "2024-01-27T05:02:08Z",
            "description": "",
            "execution_arn": "arn:aws:execute-api:ap-southeast-1:255945442255:ocs7ny9375/",
            "id": "mzvtyh",
            "invoke_url": "https://ocs7ny9375.execute-api.ap-southeast-1.amazonaws.com/",
            "rest_api_id": "ocs7ny9375",
            "stage_description": null,
            "stage_name": null,
            "triggers": {
              "redeployment": "32397f3376352e306e0eec0fabcb5a3a23771ad1"
            },
            "variables": null
          },
          "sensitive_attributes": [],
          "private": "bnVsbA==",
          "dependencies": [
            "aws_api_gateway_integration.integration",
            "aws_api_gateway_method.example_method",
            "aws_api_gateway_resource.example_resource",
            "aws_api_gateway_rest_api.example_api",
            "aws_iam_role.lambda_role",
            "aws_lambda_function.hello_lambda",
            "data.archive_file.python_lambda_package",
            "data.aws_iam_policy_document.lambda_assume_role_policy"
          ],
          "create_before_destroy": true
        }
      ]
    },
    {
      "mode": "managed",
      "type": "aws_api_gateway_integration",
      "name": "integration",
      "provider": "provider[\"registry.terraform.io/hashicorp/aws\"]",
      "instances": [
        {
          "schema_version": 0,
          "attributes": {
            "cache_key_parameters": [],
            "cache_namespace": "787z9a",
            "connection_id": "",
            "connection_type": "INTERNET",
            "content_handling": "",
            "credentials": "",
            "http_method": "GET",
            "id": "agi-ocs7ny9375-787z9a-GET",
            "integration_http_method": "POST",
            "passthrough_behavior": "WHEN_NO_MATCH",
            "request_parameters": {},
            "request_templates": {},
            "resource_id": "787z9a",
            "rest_api_id": "ocs7ny9375",
            "timeout_milliseconds": 29000,
            "tls_config": [],
            "type": "AWS_PROXY",
            "uri": "arn:aws:apigateway:ap-southeast-1:lambda:path/2015-03-31/functions/arn:aws:lambda:ap-southeast-1:255945442255:function:zhangqin-27jan-terraform-lambda-apigw/invocations"
          },
          "sensitive_attributes": [],
          "private": "bnVsbA==",
          "dependencies": [
            "aws_api_gateway_method.example_method",
            "aws_api_gateway_resource.example_resource",
            "aws_api_gateway_rest_api.example_api",
            "aws_iam_role.lambda_role",
            "aws_lambda_function.hello_lambda",
            "data.archive_file.python_lambda_package",
            "data.aws_iam_policy_document.lambda_assume_role_policy"
          ],
          "create_before_destroy": true
        }
      ]
    },
    {
      "mode": "managed",
      "type": "aws_api_gateway_method",
      "name": "example_method",
      "provider": "provider[\"registry.terraform.io/hashicorp/aws\"]",
      "instances": [
        {
          "schema_version": 0,
          "attributes": {
            "api_key_required": true,
            "authorization": "NONE",
            "authorization_scopes": [],
            "authorizer_id": "",
            "http_method": "GET",
            "id": "agm-ocs7ny9375-787z9a-GET",
            "operation_name": "",
            "request_models": {},
            "request_parameters": {},
            "request_validator_id": "",
            "resource_id": "787z9a",
            "rest_api_id": "ocs7ny9375"
          },
          "sensitive_attributes": [],
          "private": "bnVsbA==",
          "dependencies": [
            "aws_api_gateway_resource.example_resource",
            "aws_api_gateway_rest_api.example_api"
          ],
          "create_before_destroy": true
        }
      ]
    },
    {
      "mode": "managed",
      "type": "aws_api_gateway_resource",
      "name": "example_resource",
      "provider": "provider[\"registry.terraform.io/hashicorp/aws\"]",
      "instances": [
        {
          "schema_version": 0,
          "attributes": {
            "id": "787z9a",
            "parent_id": "b6dnzks21k",
            "path": "/dev",
            "path_part": "dev",
            "rest_api_id": "ocs7ny9375"
          },
          "sensitive_attributes": [],
          "private": "bnVsbA==",
          "dependencies": [
            "aws_api_gateway_rest_api.example_api"
          ]
        }
      ]
    },
    {
      "mode": "managed",
      "type": "aws_api_gateway_rest_api",
      "name": "example_api",
      "provider": "provider[\"registry.terraform.io/hashicorp/aws\"]",
      "instances": [
        {
          "schema_version": 0,
          "attributes": {
            "api_key_source": "HEADER",
            "arn": "arn:aws:apigateway:ap-southeast-1::/restapis/ocs7ny9375",
            "binary_media_types": [],
            "body": null,
            "created_date": "2024-01-27T04:53:34Z",
            "description": "",
            "disable_execute_api_endpoint": false,
            "endpoint_configuration": [
              {
                "types": [
                  "EDGE"
                ],
                "vpc_endpoint_ids": []
              }
            ],
            "execution_arn": "arn:aws:execute-api:ap-southeast-1:255945442255:ocs7ny9375",
            "fail_on_warnings": null,
            "id": "ocs7ny9375",
            "minimum_compression_size": "",
            "name": "zhangqin-27jan-terraform-lambda-api",
            "parameters": null,
            "policy": "",
            "put_rest_api_mode": null,
            "root_resource_id": "b6dnzks21k",
            "tags": {},
            "tags_all": {}
          },
          "sensitive_attributes": [],
          "private": "bnVsbA==",
          "create_before_destroy": true
        }
      ]
    },
    {
      "mode": "managed",
      "type": "aws_api_gateway_stage",
      "name": "example",
      "provider": "provider[\"registry.terraform.io/hashicorp/aws\"]",
      "instances": [
        {
          "schema_version": 0,
          "attributes": {
            "access_log_settings": [],
            "arn": "arn:aws:apigateway:ap-southeast-1::/restapis/ocs7ny9375/stages/dev",
            "cache_cluster_enabled": false,
            "cache_cluster_size": "",
            "canary_settings": [],
            "client_certificate_id": "",
            "deployment_id": "mzvtyh",
            "description": "",
            "documentation_version": "",
            "execution_arn": "arn:aws:execute-api:ap-southeast-1:255945442255:ocs7ny9375/dev",
            "id": "ags-ocs7ny9375-dev",
            "invoke_url": "https://ocs7ny9375.execute-api.ap-southeast-1.amazonaws.com/dev",
            "rest_api_id": "ocs7ny9375",
            "stage_name": "dev",
            "tags": {},
            "tags_all": {},
            "variables": {},
            "web_acl_arn": "",
            "xray_tracing_enabled": false
          },
          "sensitive_attributes": [],
          "private": "bnVsbA==",
          "dependencies": [
            "aws_api_gateway_deployment.example",
            "aws_api_gateway_integration.integration",
            "aws_api_gateway_method.example_method",
            "aws_api_gateway_resource.example_resource",
            "aws_api_gateway_rest_api.example_api",
            "aws_iam_role.lambda_role",
            "aws_lambda_function.hello_lambda",
            "data.archive_file.python_lambda_package",
            "data.aws_iam_policy_document.lambda_assume_role_policy"
          ]
        }
      ]
    },
    {
      "mode": "managed",
      "type": "aws_api_gateway_usage_plan",
      "name": "zhangqin_usage_plan-tf",
      "provider": "provider[\"registry.terraform.io/hashicorp/aws\"]",
      "instances": [
        {
          "schema_version": 0,
          "attributes": {
            "api_stages": [
              {
                "api_id": "ocs7ny9375",
                "stage": "dev",
                "throttle": []
              }
            ],
            "arn": "arn:aws:apigateway:ap-southeast-1::/usageplans/o41aox",
            "description": "zq description for tf",
            "id": "o41aox",
            "name": "zhangqin-usage-plan-tf",
            "product_code": "",
            "quota_settings": [],
            "tags": {},
            "tags_all": {},
            "throttle_settings": []
          },
          "sensitive_attributes": [],
          "private": "bnVsbA==",
          "dependencies": [
            "aws_api_gateway_deployment.example",
            "aws_api_gateway_integration.integration",
            "aws_api_gateway_method.example_method",
            "aws_api_gateway_resource.example_resource",
            "aws_api_gateway_rest_api.example_api",
            "aws_api_gateway_stage.example",
            "aws_iam_role.lambda_role",
            "aws_lambda_function.hello_lambda",
            "data.archive_file.python_lambda_package",
            "data.aws_iam_policy_document.lambda_assume_role_policy"
          ]
        }
      ]
    },
    {
      "mode": "managed",
      "type": "aws_api_gateway_usage_plan_key",
      "name": "main",
      "provider": "provider[\"registry.terraform.io/hashicorp/aws\"]",
      "instances": [
        {
          "schema_version": 0,
          "attributes": {
            "id": "gt1lqwwc2l",
            "key_id": "gt1lqwwc2l",
            "key_type": "API_KEY",
            "name": "zhangqin_api_key_terraform",
            "usage_plan_id": "o41aox",
            "value": "Dny2grrl1r2jnXPHaIjQv4ZRyUPlq6YU6pqoiRp1"
          },
          "sensitive_attributes": [],
          "private": "bnVsbA==",
          "dependencies": [
            "aws_api_gateway_api_key.zhangqin_api_key_terraform",
            "aws_api_gateway_deployment.example",
            "aws_api_gateway_integration.integration",
            "aws_api_gateway_method.example_method",
            "aws_api_gateway_resource.example_resource",
            "aws_api_gateway_rest_api.example_api",
            "aws_api_gateway_stage.example",
            "aws_api_gateway_usage_plan.zhangqin_usage_plan-tf",
            "aws_iam_role.lambda_role",
            "aws_lambda_function.hello_lambda",
            "data.archive_file.python_lambda_package",
            "data.aws_iam_policy_document.lambda_assume_role_policy"
          ]
        }
      ]
    },
    {
      "mode": "managed",
      "type": "aws_iam_role",
      "name": "lambda_role",
      "provider": "provider[\"registry.terraform.io/hashicorp/aws\"]",
      "instances": [
        {
          "schema_version": 0,
          "attributes": {
            "arn": "arn:aws:iam::255945442255:role/zhangqin-27jan-terraform-lambda-hw-role",
            "assume_role_policy": "{\"Statement\":[{\"Action\":\"sts:AssumeRole\",\"Effect\":\"Allow\",\"Principal\":{\"Service\":\"lambda.amazonaws.com\"}}],\"Version\":\"2012-10-17\"}",
            "create_date": "2024-01-27T04:53:33Z",
            "description": "",
            "force_detach_policies": false,
            "id": "zhangqin-27jan-terraform-lambda-hw-role",
            "inline_policy": [],
            "managed_policy_arns": [
              "arn:aws:iam::aws:policy/service-role/AWSLambdaBasicExecutionRole"
            ],
            "max_session_duration": 3600,
            "name": "zhangqin-27jan-terraform-lambda-hw-role",
            "name_prefix": "",
            "path": "/",
            "permissions_boundary": null,
            "tags": {},
            "tags_all": {},
            "unique_id": "AROATXF4JQPH7NKESICBG"
          },
          "sensitive_attributes": [],
          "private": "bnVsbA==",
          "dependencies": [
            "data.aws_iam_policy_document.lambda_assume_role_policy"
          ],
          "create_before_destroy": true
        }
      ]
    },
    {
      "mode": "managed",
      "type": "aws_iam_role_policy_attachment",
      "name": "terraform_lambda_policy",
      "provider": "provider[\"registry.terraform.io/hashicorp/aws\"]",
      "instances": [
        {
          "schema_version": 0,
          "attributes": {
            "id": "zhangqin-27jan-terraform-lambda-hw-role-20240127045334981300000001",
            "policy_arn": "arn:aws:iam::aws:policy/service-role/AWSLambdaBasicExecutionRole",
            "role": "zhangqin-27jan-terraform-lambda-hw-role"
          },
          "sensitive_attributes": [],
          "private": "bnVsbA==",
          "dependencies": [
            "aws_iam_role.lambda_role",
            "data.aws_iam_policy_document.lambda_assume_role_policy"
          ]
        }
      ]
    },
    {
      "mode": "managed",
      "type": "aws_lambda_function",
      "name": "hello_lambda",
      "provider": "provider[\"registry.terraform.io/hashicorp/aws\"]",
      "instances": [
        {
          "schema_version": 0,
          "attributes": {
            "architectures": [
              "x86_64"
            ],
            "arn": "arn:aws:lambda:ap-southeast-1:255945442255:function:zhangqin-27jan-terraform-lambda-apigw",
            "code_signing_config_arn": "",
            "dead_letter_config": [],
            "description": "",
            "environment": [],
            "ephemeral_storage": [
              {
                "size": 512
              }
            ],
            "file_system_config": [],
            "filename": "lambda.zip",
            "function_name": "zhangqin-27jan-terraform-lambda-apigw",
            "handler": "lambda_function.lambda_handler",
            "id": "zhangqin-27jan-terraform-lambda-apigw",
            "image_config": [],
            "image_uri": "",
            "invoke_arn": "arn:aws:apigateway:ap-southeast-1:lambda:path/2015-03-31/functions/arn:aws:lambda:ap-southeast-1:255945442255:function:zhangqin-27jan-terraform-lambda-apigw/invocations",
            "kms_key_arn": "",
            "last_modified": "2024-01-27T04:53:48.373+0000",
            "layers": [],
            "memory_size": 128,
            "package_type": "Zip",
            "publish": false,
            "qualified_arn": "arn:aws:lambda:ap-southeast-1:255945442255:function:zhangqin-27jan-terraform-lambda-apigw:$LATEST",
            "qualified_invoke_arn": "arn:aws:apigateway:ap-southeast-1:lambda:path/2015-03-31/functions/arn:aws:lambda:ap-southeast-1:255945442255:function:zhangqin-27jan-terraform-lambda-apigw:$LATEST/invocations",
            "replace_security_groups_on_destroy": null,
            "replacement_security_group_ids": null,
            "reserved_concurrent_executions": -1,
            "role": "arn:aws:iam::255945442255:role/zhangqin-27jan-terraform-lambda-hw-role",
            "runtime": "python3.9",
            "s3_bucket": null,
            "s3_key": null,
            "s3_object_version": null,
            "signing_job_arn": "",
            "signing_profile_version_arn": "",
            "skip_destroy": false,
            "snap_start": [],
            "source_code_hash": "ze3L8sO+y8nrBDCKYY0ZqVaLgSSP7uUELJ//iaA4VcE=",
            "source_code_size": 271,
            "tags": {},
            "tags_all": {},
            "timeout": 10,
            "timeouts": null,
            "tracing_config": [
              {
                "mode": "PassThrough"
              }
            ],
            "version": "$LATEST",
            "vpc_config": []
          },
          "sensitive_attributes": [],
          "private": "eyJlMmJmYjczMC1lY2FhLTExZTYtOGY4OC0zNDM2M2JjN2M0YzAiOnsiY3JlYXRlIjo2MDAwMDAwMDAwMDAsImRlbGV0ZSI6NjAwMDAwMDAwMDAwLCJ1cGRhdGUiOjYwMDAwMDAwMDAwMH19",
          "dependencies": [
            "aws_iam_role.lambda_role",
            "data.archive_file.python_lambda_package",
            "data.aws_iam_policy_document.lambda_assume_role_policy"
          ],
          "create_before_destroy": true
        }
      ]
    },
    {
      "mode": "managed",
      "type": "aws_lambda_permission",
      "name": "apigw_lambda",
      "provider": "provider[\"registry.terraform.io/hashicorp/aws\"]",
      "instances": [
        {
          "schema_version": 0,
          "attributes": {
            "action": "lambda:InvokeFunction",
            "event_source_token": null,
            "function_name": "zhangqin-27jan-terraform-lambda-apigw",
            "function_url_auth_type": null,
            "id": "AllowExecutionFromAPIGateway",
            "principal": "apigateway.amazonaws.com",
            "principal_org_id": null,
            "qualifier": "",
            "source_account": null,
            "source_arn": "arn:aws:execute-api:ap-southeast-1:255945442255:ocs7ny9375/*/*",
            "statement_id": "AllowExecutionFromAPIGateway",
            "statement_id_prefix": ""
          },
          "sensitive_attributes": [],
          "private": "bnVsbA==",
          "dependencies": [
            "aws_api_gateway_rest_api.example_api",
            "aws_iam_role.lambda_role",
            "aws_lambda_function.hello_lambda",
            "data.archive_file.python_lambda_package",
            "data.aws_iam_policy_document.lambda_assume_role_policy"
          ]
        }
      ]
    }
  ],
  "check_results": null
}
